
Microsoft Visual Studio Solution File, Format Version 12.00
# Visual Studio Version 17
VisualStudioVersion = 17.2.32526.322
MinimumVisualStudioVersion = 10.0.40219.1
Project("{FAE04EC0-301F-11D3-BF4B-00C04F79EFBC}") = "ShcoolLearn", "ShcoolLearn\ShcoolLearn.csproj", "{4664C05F-3BC3-4B1A-A7D6-3888773DDB26}"
EndProject
Global
	GlobalSection(SolutionConfigurationPlatforms) = preSolution
		Debug|Any CPU = Debug|Any CPU
		Release|Any CPU = Release|Any CPU
	EndGlobalSection
	GlobalSection(ProjectConfigurationPlatforms) = postSolution
		{4664C05F-3BC3-4B1A-A7D6-3888773DDB26}.Debug|Any CPU.ActiveCfg = Debug|Any CPU
		{4664C05F-3BC3-4B1A-A7D6-3888773DDB26}.Debug|Any CPU.Build.0 = Debug|Any CPU
		{4664C05F-3BC3-4B1A-A7D6-3888773DDB26}.Release|Any CPU.ActiveCfg = Release|Any CPU
		{4664C05F-3BC3-4B1A-A7D6-3888773DDB26}.Release|Any CPU.Build.0 = Release|Any CPU
	EndGlobalSection
	GlobalSection(SolutionProperties) = preSolution
		HideSolutionNode = FALSE
	EndGlobalSection
	GlobalSection(ExtensibilityGlobals) = postSolution
		SolutionGuid = {8AE7D60D-1BB7-480D-9681-24FB4BA76CFB}
	EndGlobalSection
EndGlobal
